
Microsoft Visual Studio Solution File, Format Version 12.00
# Visual Studio Version 17
VisualStudioVersion = 17.0.31903.59
MinimumVisualStudioVersion = 10.0.40219.1
Project("{FAE04EC0-301F-11D3-BF4B-00C04F79EFBC}") = "OrderProcessing.Domain", "OrderProcessing.Domain\OrderProcessing.Domain.csproj", "{9C8B1D69-C7D4-4021-890A-471540C78350}"
EndProject
Project("{FAE04EC0-301F-11D3-BF4B-00C04F79EFBC}") = "OrderProcessing.Application", "OrderProcessing.Application\OrderProcessing.Application.csproj", "{851D97BD-A8F6-4876-B39D-7B0941FBBEED}"
EndProject
Project("{FAE04EC0-301F-11D3-BF4B-00C04F79EFBC}") = "OrderProcessing.Infrastructure", "OrderProcessing.Infrastructure\OrderProcessing.Infrastructure.csproj", "{05BD3A51-AD33-4A96-8F4E-A5C20F0C06C0}"
EndProject
Project("{FAE04EC0-301F-11D3-BF4B-00C04F79EFBC}") = "OrderProcessing.Api", "OrderProcessing.Api\OrderProcessing.Api.csproj", "{CB94E8B1-0A24-475F-8379-71542BB07DDA}"
EndProject
Global
	GlobalSection(SolutionConfigurationPlatforms) = preSolution
		Debug|Any CPU = Debug|Any CPU
		Release|Any CPU = Release|Any CPU
	EndGlobalSection
	GlobalSection(SolutionProperties) = preSolution
		HideSolutionNode = FALSE
	EndGlobalSection
	GlobalSection(ProjectConfigurationPlatforms) = postSolution
		{9C8B1D69-C7D4-4021-890A-471540C78350}.Debug|Any CPU.ActiveCfg = Debug|Any CPU
		{9C8B1D69-C7D4-4021-890A-471540C78350}.Debug|Any CPU.Build.0 = Debug|Any CPU
		{9C8B1D69-C7D4-4021-890A-471540C78350}.Release|Any CPU.ActiveCfg = Release|Any CPU
		{9C8B1D69-C7D4-4021-890A-471540C78350}.Release|Any CPU.Build.0 = Release|Any CPU
		{851D97BD-A8F6-4876-B39D-7B0941FBBEED}.Debug|Any CPU.ActiveCfg = Debug|Any CPU
		{851D97BD-A8F6-4876-B39D-7B0941FBBEED}.Debug|Any CPU.Build.0 = Debug|Any CPU
		{851D97BD-A8F6-4876-B39D-7B0941FBBEED}.Release|Any CPU.ActiveCfg = Release|Any CPU
		{851D97BD-A8F6-4876-B39D-7B0941FBBEED}.Release|Any CPU.Build.0 = Release|Any CPU
		{05BD3A51-AD33-4A96-8F4E-A5C20F0C06C0}.Debug|Any CPU.ActiveCfg = Debug|Any CPU
		{05BD3A51-AD33-4A96-8F4E-A5C20F0C06C0}.Debug|Any CPU.Build.0 = Debug|Any CPU
		{05BD3A51-AD33-4A96-8F4E-A5C20F0C06C0}.Release|Any CPU.ActiveCfg = Release|Any CPU
		{05BD3A51-AD33-4A96-8F4E-A5C20F0C06C0}.Release|Any CPU.Build.0 = Release|Any CPU
		{CB94E8B1-0A24-475F-8379-71542BB07DDA}.Debug|Any CPU.ActiveCfg = Debug|Any CPU
		{CB94E8B1-0A24-475F-8379-71542BB07DDA}.Debug|Any CPU.Build.0 = Debug|Any CPU
		{CB94E8B1-0A24-475F-8379-71542BB07DDA}.Release|Any CPU.ActiveCfg = Release|Any CPU
		{CB94E8B1-0A24-475F-8379-71542BB07DDA}.Release|Any CPU.Build.0 = Release|Any CPU
	EndGlobalSection
EndGlobal
